// !$*UTF8*$!
{
	archiveVersion = 1;
	classes = {
	};
	objectVersion = 46;
	objects = {

/* Begin PBXBuildFile section */
		4A537A191986F398005AF75C /* UIButtonWithTextUnderImage.m in Sources */ = {isa = PBXBuildFile; fileRef = 4A537A181986F398005AF75C /* UIButtonWithTextUnderImage.m */; };
		4A8722AC19868435001C544A /* main.m in Sources */ = {isa = PBXBuildFile; fileRef = 4A8722AB19868435001C544A /* main.m */; };
		4A8722AF19868435001C544A /* AppDelegate.m in Sources */ = {isa = PBXBuildFile; fileRef = 4A8722AE19868435001C544A /* AppDelegate.m */; };
		4A8722B219868435001C544A /* MainViewController.m in Sources */ = {isa = PBXBuildFile; fileRef = 4A8722B119868435001C544A /* MainViewController.m */; };
		4A8722B519868435001C544A /* Main.storyboard in Resources */ = {isa = PBXBuildFile; fileRef = 4A8722B319868435001C544A /* Main.storyboard */; };
		4A8722B719868435001C544A /* Images.xcassets in Resources */ = {isa = PBXBuildFile; fileRef = 4A8722B619868435001C544A /* Images.xcassets */; };
		4A8722C319868435001C544A /* FudBarTests.m in Sources */ = {isa = PBXBuildFile; fileRef = 4A8722C219868435001C544A /* FudBarTests.m */; };
		4A8722CD19868798001C544A /* HHBarCodeViewController.m in Sources */ = {isa = PBXBuildFile; fileRef = 4A8722CC19868798001C544A /* HHBarCodeViewController.m */; };
		4A8722D1198693C6001C544A /* ProductInfoViewController.m in Sources */ = {isa = PBXBuildFile; fileRef = 4A8722D0198693C6001C544A /* ProductInfoViewController.m */; };
		4A8722D319869696001C544A /* Parse.framework in Frameworks */ = {isa = PBXBuildFile; fileRef = 4A8722D219869696001C544A /* Parse.framework */; };
		4A8722D5198696B9001C544A /* AudioToolbox.framework in Frameworks */ = {isa = PBXBuildFile; fileRef = 4A8722D4198696B9001C544A /* AudioToolbox.framework */; };
		4A8722D7198696BE001C544A /* CFNetwork.framework in Frameworks */ = {isa = PBXBuildFile; fileRef = 4A8722D6198696BE001C544A /* CFNetwork.framework */; };
		4A8722D9198696C4001C544A /* CoreGraphics.framework in Frameworks */ = {isa = PBXBuildFile; fileRef = 4A8722D8198696C4001C544A /* CoreGraphics.framework */; };
		4A8722DB198696C9001C544A /* CoreLocation.framework in Frameworks */ = {isa = PBXBuildFile; fileRef = 4A8722DA198696C9001C544A /* CoreLocation.framework */; };
		4A8722DD198696D5001C544A /* libz.dylib in Frameworks */ = {isa = PBXBuildFile; fileRef = 4A8722DC198696D5001C544A /* libz.dylib */; };
		4A8722DF198696DD001C544A /* MobileCoreServices.framework in Frameworks */ = {isa = PBXBuildFile; fileRef = 4A8722DE198696DD001C544A /* MobileCoreServices.framework */; };
		4A8722E1198696E2001C544A /* QuartzCore.framework in Frameworks */ = {isa = PBXBuildFile; fileRef = 4A8722E0198696E2001C544A /* QuartzCore.framework */; };
		4A8722E3198696E9001C544A /* Security.framework in Frameworks */ = {isa = PBXBuildFile; fileRef = 4A8722E2198696E9001C544A /* Security.framework */; };
		4A8722E5198696EF001C544A /* StoreKit.framework in Frameworks */ = {isa = PBXBuildFile; fileRef = 4A8722E4198696EF001C544A /* StoreKit.framework */; };
		4A8722E7198696FB001C544A /* SystemConfiguration.framework in Frameworks */ = {isa = PBXBuildFile; fileRef = 4A8722E6198696FB001C544A /* SystemConfiguration.framework */; };
		4A95700D1986ECC500B10D7F /* Settings.bundle in Resources */ = {isa = PBXBuildFile; fileRef = 4A95700C1986ECC500B10D7F /* Settings.bundle */; };
		4AF12AC81987AF7F00DFC589 /* APIRequester.m in Sources */ = {isa = PBXBuildFile; fileRef = 4AF12AC71987AF7F00DFC589 /* APIRequester.m */; };
/* End PBXBuildFile section */

/* Begin PBXContainerItemProxy section */
		4A8722BD19868435001C544A /* PBXContainerItemProxy */ = {
			isa = PBXContainerItemProxy;
			containerPortal = 4A87229E19868435001C544A /* Project object */;
			proxyType = 1;
			remoteGlobalIDString = 4A8722A519868435001C544A;
			remoteInfo = FudBar;
		};
/* End PBXContainerItemProxy section */

/* Begin PBXFileReference section */
		4A537A171986F398005AF75C /* UIButtonWithTextUnderImage.h */ = {isa = PBXFileReference; fileEncoding = 4; lastKnownFileType = sourcecode.c.h; path = UIButtonWithTextUnderImage.h; sourceTree = "<group>"; };
		4A537A181986F398005AF75C /* UIButtonWithTextUnderImage.m */ = {isa = PBXFileReference; fileEncoding = 4; lastKnownFileType = sourcecode.c.objc; path = UIButtonWithTextUnderImage.m; sourceTree = "<group>"; };
		4A8722A619868435001C544A /* FudBar.app */ = {isa = PBXFileReference; explicitFileType = wrapper.application; includeInIndex = 0; path = FudBar.app; sourceTree = BUILT_PRODUCTS_DIR; };
		4A8722AA19868435001C544A /* Info.plist */ = {isa = PBXFileReference; lastKnownFileType = text.plist.xml; path = Info.plist; sourceTree = "<group>"; };
		4A8722AB19868435001C544A /* main.m */ = {isa = PBXFileReference; lastKnownFileType = sourcecode.c.objc; path = main.m; sourceTree = "<group>"; };
		4A8722AD19868435001C544A /* AppDelegate.h */ = {isa = PBXFileReference; lastKnownFileType = sourcecode.c.h; path = AppDelegate.h; sourceTree = "<group>"; };
		4A8722AE19868435001C544A /* AppDelegate.m */ = {isa = PBXFileReference; lastKnownFileType = sourcecode.c.objc; path = AppDelegate.m; sourceTree = "<group>"; };
		4A8722B019868435001C544A /* MainViewController.h */ = {isa = PBXFileReference; lastKnownFileType = sourcecode.c.h; path = MainViewController.h; sourceTree = "<group>"; };
		4A8722B119868435001C544A /* MainViewController.m */ = {isa = PBXFileReference; lastKnownFileType = sourcecode.c.objc; path = MainViewController.m; sourceTree = "<group>"; };
		4A8722B419868435001C544A /* Base */ = {isa = PBXFileReference; lastKnownFileType = file.storyboard; name = Base; path = Base.lproj/Main.storyboard; sourceTree = "<group>"; };
		4A8722B619868435001C544A /* Images.xcassets */ = {isa = PBXFileReference; lastKnownFileType = folder.assetcatalog; path = Images.xcassets; sourceTree = "<group>"; };
		4A8722BC19868435001C544A /* FudBarTests.xctest */ = {isa = PBXFileReference; explicitFileType = wrapper.cfbundle; includeInIndex = 0; path = FudBarTests.xctest; sourceTree = BUILT_PRODUCTS_DIR; };
		4A8722C119868435001C544A /* Info.plist */ = {isa = PBXFileReference; lastKnownFileType = text.plist.xml; path = Info.plist; sourceTree = "<group>"; };
		4A8722C219868435001C544A /* FudBarTests.m */ = {isa = PBXFileReference; lastKnownFileType = sourcecode.c.objc; path = FudBarTests.m; sourceTree = "<group>"; };
		4A8722CC19868798001C544A /* HHBarCodeViewController.m */ = {isa = PBXFileReference; fileEncoding = 4; lastKnownFileType = sourcecode.c.objc; path = HHBarCodeViewController.m; sourceTree = "<group>"; };
		4A8722CE198687AB001C544A /* HHBarCodeViewController.h */ = {isa = PBXFileReference; lastKnownFileType = sourcecode.c.h; path = HHBarCodeViewController.h; sourceTree = "<group>"; };
		4A8722CF198693C6001C544A /* ProductInfoViewController.h */ = {isa = PBXFileReference; fileEncoding = 4; lastKnownFileType = sourcecode.c.h; path = ProductInfoViewController.h; sourceTree = "<group>"; };
		4A8722D0198693C6001C544A /* ProductInfoViewController.m */ = {isa = PBXFileReference; fileEncoding = 4; lastKnownFileType = sourcecode.c.objc; path = ProductInfoViewController.m; sourceTree = "<group>"; };
		4A8722D219869696001C544A /* Parse.framework */ = {isa = PBXFileReference; lastKnownFileType = wrapper.framework; path = Parse.framework; sourceTree = "<group>"; };
		4A8722D4198696B9001C544A /* AudioToolbox.framework */ = {isa = PBXFileReference; lastKnownFileType = wrapper.framework; name = AudioToolbox.framework; path = System/Library/Frameworks/AudioToolbox.framework; sourceTree = SDKROOT; };
		4A8722D6198696BE001C544A /* CFNetwork.framework */ = {isa = PBXFileReference; lastKnownFileType = wrapper.framework; name = CFNetwork.framework; path = System/Library/Frameworks/CFNetwork.framework; sourceTree = SDKROOT; };
		4A8722D8198696C4001C544A /* CoreGraphics.framework */ = {isa = PBXFileReference; lastKnownFileType = wrapper.framework; name = CoreGraphics.framework; path = System/Library/Frameworks/CoreGraphics.framework; sourceTree = SDKROOT; };
		4A8722DA198696C9001C544A /* CoreLocation.framework */ = {isa = PBXFileReference; lastKnownFileType = wrapper.framework; name = CoreLocation.framework; path = System/Library/Frameworks/CoreLocation.framework; sourceTree = SDKROOT; };
		4A8722DC198696D5001C544A /* libz.dylib */ = {isa = PBXFileReference; lastKnownFileType = "compiled.mach-o.dylib"; name = libz.dylib; path = usr/lib/libz.dylib; sourceTree = SDKROOT; };
		4A8722DE198696DD001C544A /* MobileCoreServices.framework */ = {isa = PBXFileReference; lastKnownFileType = wrapper.framework; name = MobileCoreServices.framework; path = System/Library/Frameworks/MobileCoreServices.framework; sourceTree = SDKROOT; };
		4A8722E0198696E2001C544A /* QuartzCore.framework */ = {isa = PBXFileReference; lastKnownFileType = wrapper.framework; name = QuartzCore.framework; path = System/Library/Frameworks/QuartzCore.framework; sourceTree = SDKROOT; };
		4A8722E2198696E9001C544A /* Security.framework */ = {isa = PBXFileReference; lastKnownFileType = wrapper.framework; name = Security.framework; path = System/Library/Frameworks/Security.framework; sourceTree = SDKROOT; };
		4A8722E4198696EF001C544A /* StoreKit.framework */ = {isa = PBXFileReference; lastKnownFileType = wrapper.framework; name = StoreKit.framework; path = System/Library/Frameworks/StoreKit.framework; sourceTree = SDKROOT; };
		4A8722E6198696FB001C544A /* SystemConfiguration.framework */ = {isa = PBXFileReference; lastKnownFileType = wrapper.framework; name = SystemConfiguration.framework; path = System/Library/Frameworks/SystemConfiguration.framework; sourceTree = SDKROOT; };
		4A95700C1986ECC500B10D7F /* Settings.bundle */ = {isa = PBXFileReference; lastKnownFileType = "wrapper.plug-in"; name = Settings.bundle; path = ../Settings.bundle; sourceTree = "<group>"; };
		4AF12AC61987AF7F00DFC589 /* APIRequester.h */ = {isa = PBXFileReference; fileEncoding = 4; lastKnownFileType = sourcecode.c.h; path = APIRequester.h; sourceTree = "<group>"; };
		4AF12AC71987AF7F00DFC589 /* APIRequester.m */ = {isa = PBXFileReference; fileEncoding = 4; lastKnownFileType = sourcecode.c.objc; path = APIRequester.m; sourceTree = "<group>"; };
/* End PBXFileReference section */

/* Begin PBXFrameworksBuildPhase section */
		4A8722A319868435001C544A /* Frameworks */ = {
			isa = PBXFrameworksBuildPhase;
			buildActionMask = 2147483647;
			files = (
				4A8722E7198696FB001C544A /* SystemConfiguration.framework in Frameworks */,
				4A8722E5198696EF001C544A /* StoreKit.framework in Frameworks */,
				4A8722E3198696E9001C544A /* Security.framework in Frameworks */,
				4A8722E1198696E2001C544A /* QuartzCore.framework in Frameworks */,
				4A8722DF198696DD001C544A /* MobileCoreServices.framework in Frameworks */,
				4A8722DD198696D5001C544A /* libz.dylib in Frameworks */,
				4A8722DB198696C9001C544A /* CoreLocation.framework in Frameworks */,
				4A8722D9198696C4001C544A /* CoreGraphics.framework in Frameworks */,
				4A8722D7198696BE001C544A /* CFNetwork.framework in Frameworks */,
				4A8722D5198696B9001C544A /* AudioToolbox.framework in Frameworks */,
				4A8722D319869696001C544A /* Parse.framework in Frameworks */,
			);
			runOnlyForDeploymentPostprocessing = 0;
		};
		4A8722B919868435001C544A /* Frameworks */ = {
			isa = PBXFrameworksBuildPhase;
			buildActionMask = 2147483647;
			files = (
			);
			runOnlyForDeploymentPostprocessing = 0;
		};
/* End PBXFrameworksBuildPhase section */

/* Begin PBXGroup section */
		4A87229D19868435001C544A = {
			isa = PBXGroup;
			children = (
				4A8722A819868435001C544A /* FudBar */,
				4A8722BF19868435001C544A /* FudBarTests */,
				4A8722A719868435001C544A /* Products */,
			);
			sourceTree = "<group>";
		};
		4A8722A719868435001C544A /* Products */ = {
			isa = PBXGroup;
			children = (
				4A8722A619868435001C544A /* FudBar.app */,
				4A8722BC19868435001C544A /* FudBarTests.xctest */,
			);
			name = Products;
			sourceTree = "<group>";
		};
		4A8722A819868435001C544A /* FudBar */ = {
			isa = PBXGroup;
			children = (
				4A8722E819869714001C544A /* Frameworks */,
				4A8722AD19868435001C544A /* AppDelegate.h */,
				4A8722AE19868435001C544A /* AppDelegate.m */,
				4A8722B019868435001C544A /* MainViewController.h */,
				4A8722B119868435001C544A /* MainViewController.m */,
				4A8722B319868435001C544A /* Main.storyboard */,
				4A8722CF198693C6001C544A /* ProductInfoViewController.h */,
				4A8722D0198693C6001C544A /* ProductInfoViewController.m */,
				4A8722B619868435001C544A /* Images.xcassets */,
				4A8722A919868435001C544A /* Supporting Files */,
			);
			path = FudBar;
			sourceTree = "<group>";
		};
		4A8722A919868435001C544A /* Supporting Files */ = {
			isa = PBXGroup;
			children = (
				4AF12AC61987AF7F00DFC589 /* APIRequester.h */,
				4AF12AC71987AF7F00DFC589 /* APIRequester.m */,
				4A537A171986F398005AF75C /* UIButtonWithTextUnderImage.h */,
				4A537A181986F398005AF75C /* UIButtonWithTextUnderImage.m */,
				4A95700C1986ECC500B10D7F /* Settings.bundle */,
				4A8722D219869696001C544A /* Parse.framework */,
				4A8722AA19868435001C544A /* Info.plist */,
				4A8722AB19868435001C544A /* main.m */,
				4A8722CE198687AB001C544A /* HHBarCodeViewController.h */,
				4A8722CC19868798001C544A /* HHBarCodeViewController.m */,
			);
			name = "Supporting Files";
			sourceTree = "<group>";
		};
		4A8722BF19868435001C544A /* FudBarTests */ = {
			isa = PBXGroup;
			children = (
				4A8722C219868435001C544A /* FudBarTests.m */,
				4A8722C019868435001C544A /* Supporting Files */,
			);
			path = FudBarTests;
			sourceTree = "<group>";
		};
		4A8722C019868435001C544A /* Supporting Files */ = {
			isa = PBXGroup;
			children = (
				4A8722C119868435001C544A /* Info.plist */,
			);
			name = "Supporting Files";
			sourceTree = "<group>";
		};
		4A8722E819869714001C544A /* Frameworks */ = {
			isa = PBXGroup;
			children = (
				4A8722E6198696FB001C544A /* SystemConfiguration.framework */,
				4A8722E4198696EF001C544A /* StoreKit.framework */,
				4A8722E2198696E9001C544A /* Security.framework */,
				4A8722E0198696E2001C544A /* QuartzCore.framework */,
				4A8722DE198696DD001C544A /* MobileCoreServices.framework */,
				4A8722DC198696D5001C544A /* libz.dylib */,
				4A8722DA198696C9001C544A /* CoreLocation.framework */,
				4A8722D8198696C4001C544A /* CoreGraphics.framework */,
				4A8722D6198696BE001C544A /* CFNetwork.framework */,
				4A8722D4198696B9001C544A /* AudioToolbox.framework */,
			);
			name = Frameworks;
			sourceTree = "<group>";
		};
/* End PBXGroup section */

/* Begin PBXNativeTarget section */
		4A8722A519868435001C544A /* FudBar */ = {
			isa = PBXNativeTarget;
			buildConfigurationList = 4A8722C619868435001C544A /* Build configuration list for PBXNativeTarget "FudBar" */;
			buildPhases = (
				4A8722A219868435001C544A /* Sources */,
				4A8722A319868435001C544A /* Frameworks */,
				4A8722A419868435001C544A /* Resources */,
			);
			buildRules = (
			);
			dependencies = (
			);
			name = FudBar;
			productName = FudBar;
			productReference = 4A8722A619868435001C544A /* FudBar.app */;
			productType = "com.apple.product-type.application";
		};
		4A8722BB19868435001C544A /* FudBarTests */ = {
			isa = PBXNativeTarget;
			buildConfigurationList = 4A8722C919868435001C544A /* Build configuration list for PBXNativeTarget "FudBarTests" */;
			buildPhases = (
				4A8722B819868435001C544A /* Sources */,
				4A8722B919868435001C544A /* Frameworks */,
				4A8722BA19868435001C544A /* Resources */,
			);
			buildRules = (
			);
			dependencies = (
				4A8722BE19868435001C544A /* PBXTargetDependency */,
			);
			name = FudBarTests;
			productName = FudBarTests;
			productReference = 4A8722BC19868435001C544A /* FudBarTests.xctest */;
			productType = "com.apple.product-type.bundle.unit-test";
		};
/* End PBXNativeTarget section */

/* Begin PBXProject section */
		4A87229E19868435001C544A /* Project object */ = {
			isa = PBXProject;
			attributes = {
				LastUpgradeCheck = 0600;
				ORGANIZATIONNAME = FudBar;
				TargetAttributes = {
					4A8722A519868435001C544A = {
						CreatedOnToolsVersion = 6.0;
						DevelopmentTeam = X9V6223Q5A;
					};
					4A8722BB19868435001C544A = {
						CreatedOnToolsVersion = 6.0;
						TestTargetID = 4A8722A519868435001C544A;
					};
				};
			};
			buildConfigurationList = 4A8722A119868435001C544A /* Build configuration list for PBXProject "FudBar" */;
			compatibilityVersion = "Xcode 3.2";
			developmentRegion = English;
			hasScannedForEncodings = 0;
			knownRegions = (
				en,
				Base,
			);
			mainGroup = 4A87229D19868435001C544A;
			productRefGroup = 4A8722A719868435001C544A /* Products */;
			projectDirPath = "";
			projectRoot = "";
			targets = (
				4A8722A519868435001C544A /* FudBar */,
				4A8722BB19868435001C544A /* FudBarTests */,
			);
		};
/* End PBXProject section */

/* Begin PBXResourcesBuildPhase section */
		4A8722A419868435001C544A /* Resources */ = {
			isa = PBXResourcesBuildPhase;
			buildActionMask = 2147483647;
			files = (
				4A8722B519868435001C544A /* Main.storyboard in Resources */,
				4A95700D1986ECC500B10D7F /* Settings.bundle in Resources */,
				4A8722B719868435001C544A /* Images.xcassets in Resources */,
			);
			runOnlyForDeploymentPostprocessing = 0;
		};
		4A8722BA19868435001C544A /* Resources */ = {
			isa = PBXResourcesBuildPhase;
			buildActionMask = 2147483647;
			files = (
			);
			runOnlyForDeploymentPostprocessing = 0;
		};
/* End PBXResourcesBuildPhase section */

/* Begin PBXSourcesBuildPhase section */
		4A8722A219868435001C544A /* Sources */ = {
			isa = PBXSourcesBuildPhase;
			buildActionMask = 2147483647;
			files = (
				4A8722B219868435001C544A /* MainViewController.m in Sources */,
				4A537A191986F398005AF75C /* UIButtonWithTextUnderImage.m in Sources */,
				4A8722AF19868435001C544A /* AppDelegate.m in Sources */,
				4A8722AC19868435001C544A /* main.m in Sources */,
				4A8722CD19868798001C544A /* HHBarCodeViewController.m in Sources */,
				4AF12AC81987AF7F00DFC589 /* APIRequester.m in Sources */,
				4A8722D1198693C6001C544A /* ProductInfoViewController.m in Sources */,
			);
			runOnlyForDeploymentPostprocessing = 0;
		};
		4A8722B819868435001C544A /* Sources */ = {
			isa = PBXSourcesBuildPhase;
			buildActionMask = 2147483647;
			files = (
				4A8722C319868435001C544A /* FudBarTests.m in Sources */,
			);
			runOnlyForDeploymentPostprocessing = 0;
		};
/* End PBXSourcesBuildPhase section */

/* Begin PBXTargetDependency section */
		4A8722BE19868435001C544A /* PBXTargetDependency */ = {
			isa = PBXTargetDependency;
			target = 4A8722A519868435001C544A /* FudBar */;
			targetProxy = 4A8722BD19868435001C544A /* PBXContainerItemProxy */;
		};
/* End PBXTargetDependency section */

/* Begin PBXVariantGroup section */
		4A8722B319868435001C544A /* Main.storyboard */ = {
			isa = PBXVariantGroup;
			children = (
				4A8722B419868435001C544A /* Base */,
			);
			name = Main.storyboard;
			sourceTree = "<group>";
		};
/* End PBXVariantGroup section */

/* Begin XCBuildConfiguration section */
		4A8722C419868435001C544A /* Debug */ = {
			isa = XCBuildConfiguration;
			buildSettings = {
				ALWAYS_SEARCH_USER_PATHS = NO;
				CLANG_CXX_LANGUAGE_STANDARD = "gnu++0x";
				CLANG_CXX_LIBRARY = "libc++";
				CLANG_ENABLE_MODULES = YES;
				CLANG_ENABLE_OBJC_ARC = YES;
				CLANG_WARN_BOOL_CONVERSION = YES;
				CLANG_WARN_CONSTANT_CONVERSION = YES;
				CLANG_WARN_DIRECT_OBJC_ISA_USAGE = YES_ERROR;
				CLANG_WARN_EMPTY_BODY = YES;
				CLANG_WARN_ENUM_CONVERSION = YES;
				CLANG_WARN_INT_CONVERSION = YES;
				CLANG_WARN_OBJC_ROOT_CLASS = YES_ERROR;
				CLANG_WARN_UNREACHABLE_CODE = YES;
				CLANG_WARN__DUPLICATE_METHOD_MATCH = YES;
				"CODE_SIGN_IDENTITY[sdk=iphoneos*]" = "iPhone Developer";
				COPY_PHASE_STRIP = NO;
				ENABLE_STRICT_OBJC_MSGSEND = YES;
				GCC_C_LANGUAGE_STANDARD = gnu99;
				GCC_DYNAMIC_NO_PIC = NO;
				GCC_OPTIMIZATION_LEVEL = 0;
				GCC_PREPROCESSOR_DEFINITIONS = (
					"DEBUG=1",
					"$(inherited)",
				);
				GCC_SYMBOLS_PRIVATE_EXTERN = NO;
				GCC_WARN_64_TO_32_BIT_CONVERSION = YES;
				GCC_WARN_ABOUT_RETURN_TYPE = YES_ERROR;
				GCC_WARN_UNDECLARED_SELECTOR = YES;
				GCC_WARN_UNINITIALIZED_AUTOS = YES_AGGRESSIVE;
				GCC_WARN_UNUSED_FUNCTION = YES;
				GCC_WARN_UNUSED_VARIABLE = YES;
				IPHONEOS_DEPLOYMENT_TARGET = 8.0;
				METAL_ENABLE_DEBUG_INFO = YES;
				ONLY_ACTIVE_ARCH = YES;
				SDKROOT = iphoneos;
			};
			name = Debug;
		};
		4A8722C519868435001C544A /* Release */ = {
			isa = XCBuildConfiguration;
			buildSettings = {
				ALWAYS_SEARCH_USER_PATHS = NO;
				CLANG_CXX_LANGUAGE_STANDARD = "gnu++0x";
				CLANG_CXX_LIBRARY = "libc++";
				CLANG_ENABLE_MODULES = YES;
				CLANG_ENABLE_OBJC_ARC = YES;
				CLANG_WARN_BOOL_CONVERSION = YES;
				CLANG_WARN_CONSTANT_CONVERSION = YES;
				CLANG_WARN_DIRECT_OBJC_ISA_USAGE = YES_ERROR;
				CLANG_WARN_EMPTY_BODY = YES;
				CLANG_WARN_ENUM_CONVERSION = YES;
				CLANG_WARN_INT_CONVERSION = YES;
				CLANG_WARN_OBJC_ROOT_CLASS = YES_ERROR;
				CLANG_WARN_UNREACHABLE_CODE = YES;
				CLANG_WARN__DUPLICATE_METHOD_MATCH = YES;
				"CODE_SIGN_IDENTITY[sdk=iphoneos*]" = "iPhone Developer";
				COPY_PHASE_STRIP = YES;
				ENABLE_NS_ASSERTIONS = NO;
				ENABLE_STRICT_OBJC_MSGSEND = YES;
				GCC_C_LANGUAGE_STANDARD = gnu99;
				GCC_WARN_64_TO_32_BIT_CONVERSION = YES;
				GCC_WARN_ABOUT_RETURN_TYPE = YES_ERROR;
				GCC_WARN_UNDECLARED_SELECTOR = YES;
				GCC_WARN_UNINITIALIZED_AUTOS = YES_AGGRESSIVE;
				GCC_WARN_UNUSED_FUNCTION = YES;
				GCC_WARN_UNUSED_VARIABLE = YES;
				IPHONEOS_DEPLOYMENT_TARGET = 8.0;
				METAL_ENABLE_DEBUG_INFO = NO;
				SDKROOT = iphoneos;
				VALIDATE_PRODUCT = YES;
			};
			name = Release;
		};
		4A8722C719868435001C544A /* Debug */ = {
			isa = XCBuildConfiguration;
			buildSettings = {
				ASSETCATALOG_COMPILER_APPICON_NAME = AppIcon;
				ASSETCATALOG_COMPILER_LAUNCHIMAGE_NAME = LaunchImage;
				CODE_SIGN_IDENTITY = "iPhone Developer";
				"CODE_SIGN_IDENTITY[sdk=iphoneos*]" = "iPhone Developer";
				FRAMEWORK_SEARCH_PATHS = (
					"$(inherited)",
					"$(PROJECT_DIR)/FudBar",
				);
				INFOPLIST_FILE = FudBar/Info.plist;
				IPHONEOS_DEPLOYMENT_TARGET = 7.0;
				LD_RUNPATH_SEARCH_PATHS = "$(inherited) @executable_path/Frameworks";
				PRODUCT_NAME = "$(TARGET_NAME)";
				PROVISIONING_PROFILE = "";
			};
			name = Debug;
		};
		4A8722C819868435001C544A /* Release */ = {
			isa = XCBuildConfiguration;
			buildSettings = {
				ASSETCATALOG_COMPILER_APPICON_NAME = AppIcon;
				ASSETCATALOG_COMPILER_LAUNCHIMAGE_NAME = LaunchImage;
				CODE_SIGN_IDENTITY = "iPhone Developer";
				"CODE_SIGN_IDENTITY[sdk=iphoneos*]" = "iPhone Developer";
				FRAMEWORK_SEARCH_PATHS = (
					"$(inherited)",
					"$(PROJECT_DIR)/FudBar",
				);
				INFOPLIST_FILE = FudBar/Info.plist;
				IPHONEOS_DEPLOYMENT_TARGET = 7.0;
				LD_RUNPATH_SEARCH_PATHS = "$(inherited) @executable_path/Frameworks";
				PRODUCT_NAME = "$(TARGET_NAME)";
				PROVISIONING_PROFILE = "";
			};
			name = Release;
		};
		4A8722CA19868435001C544A /* Debug */ = {
			isa = XCBuildConfiguration;
			buildSettings = {
				BUNDLE_LOADER = "$(BUILT_PRODUCTS_DIR)/FudBar.app/FudBar";
				FRAMEWORK_SEARCH_PATHS = (
					"$(SDKROOT)/Developer/Library/Frameworks",
					"$(inherited)",
				);
				GCC_PREPROCESSOR_DEFINITIONS = (
					"DEBUG=1",
					"$(inherited)",
				);
				INFOPLIST_FILE = FudBarTests/Info.plist;
				LD_RUNPATH_SEARCH_PATHS = "$(inherited) @executable_path/Frameworks @loader_path/Frameworks";
				METAL_ENABLE_DEBUG_INFO = YES;
				PRODUCT_NAME = "$(TARGET_NAME)";
				TEST_HOST = "$(BUNDLE_LOADER)";
			};
			name = Debug;
		};
		4A8722CB19868435001C544A /* Release */ = {
			isa = XCBuildConfiguration;
			buildSettings = {
				BUNDLE_LOADER = "$(BUILT_PRODUCTS_DIR)/FudBar.app/FudBar";
				FRAMEWORK_SEARCH_PATHS = (
					"$(SDKROOT)/Developer/Library/Frameworks",
					"$(inherited)",
				);
				INFOPLIST_FILE = FudBarTests/Info.plist;
				LD_RUNPATH_SEARCH_PATHS = "$(inherited) @executable_path/Frameworks @loader_path/Frameworks";
				METAL_ENABLE_DEBUG_INFO = NO;
				PRODUCT_NAME = "$(TARGET_NAME)";
				TEST_HOST = "$(BUNDLE_LOADER)";
			};
			name = Release;
		};
/* End XCBuildConfiguration section */

/* Begin XCConfigurationList section */
		4A8722A119868435001C544A /* Build configuration list for PBXProject "FudBar" */ = {
			isa = XCConfigurationList;
			buildConfigurations = (
				4A8722C419868435001C544A /* Debug */,
				4A8722C519868435001C544A /* Release */,
			);
			defaultConfigurationIsVisible = 0;
			defaultConfigurationName = Release;
		};
		4A8722C619868435001C544A /* Build configuration list for PBXNativeTarget "FudBar" */ = {
			isa = XCConfigurationList;
			buildConfigurations = (
				4A8722C719868435001C544A /* Debug */,
				4A8722C819868435001C544A /* Release */,
			);
			defaultConfigurationIsVisible = 0;
			defaultConfigurationName = Release;
		};
		4A8722C919868435001C544A /* Build configuration list for PBXNativeTarget "FudBarTests" */ = {
			isa = XCConfigurationList;
			buildConfigurations = (
				4A8722CA19868435001C544A /* Debug */,
				4A8722CB19868435001C544A /* Release */,
			);
			defaultConfigurationIsVisible = 0;
			defaultConfigurationName = Release;
		};
/* End XCConfigurationList section */
	};
	rootObject = 4A87229E19868435001C544A /* Project object */;
}
